<?xml version="1.0" encoding="UTF-8" standalone="yes" ?>
<CodeBlocks_project_file>
	<FileVersion major="1" minor="6" />
	<Project>
		<Option title="s25edit" />
		<Option pch_mode="2" />
		<Option compiler="gcc" />
		<Build>
			<Target title="Release">
				<Option output="bin\s25edit" prefix_auto="1" extension_auto="1" />
				<Option object_output="obj\" />
				<Option type="1" />
				<Option compiler="gcc" />
				<Compiler>
					<Add option="-Wall" />
				</Compiler>
				<Linker>
					<Add option="-lmingw32 -lSDLmain -lSDL -lSGE -mwindows" />
				</Linker>
			</Target>
		</Build>
		<Compiler>
			<Add option="-Wall" />
		</Compiler>
		<Unit filename="CDebug.cpp">
			<Option compilerVar="CC" />
		</Unit>
		<Unit filename="CDebug.h" />
		<Unit filename="CGame.cpp" />
		<Unit filename="CGame.h" />
		<Unit filename="CGame_Cleanup.cpp" />
		<Unit filename="CGame_Event.cpp" />
		<Unit filename="CGame_GameLoop.cpp" />
		<Unit filename="CGame_Init.cpp" />
		<Unit filename="CGame_Render.cpp" />
		<Unit filename="CIO\CButton.cpp" />
		<Unit filename="CIO\CButton.h" />
		<Unit filename="CIO\CFile.cpp" />
		<Unit filename="CIO\CFile.h" />
		<Unit filename="CIO\CFont.cpp" />
		<Unit filename="CIO\CFont.h" />
		<Unit filename="CIO\CMenu.cpp" />
		<Unit filename="CIO\CMenu.h" />
		<Unit filename="CIO\CPicture.cpp" />
		<Unit filename="CIO\CPicture.h" />
		<Unit filename="CIO\CTextfield.cpp" />
		<Unit filename="CIO\CTextfield.h" />
		<Unit filename="CIO\CWindow.cpp" />
		<Unit filename="CIO\CWindow.h" />
		<Unit filename="CMap.cpp" />
		<Unit filename="CMap.h" />
		<Unit filename="CSurface.cpp" />
		<Unit filename="CSurface.h" />
		<Unit filename="callbacks.cpp" />
		<Unit filename="callbacks.h" />
		<Unit filename="classes.h" />
		<Unit filename="defines.h" />
		<Unit filename="globals.cpp" />
		<Unit filename="globals.h" />
		<Unit filename="includes.h" />
		<Extensions>
			<code_completion />
			<envvars />
			<debugger />
			<lib_finder disable_auto="1" />
		</Extensions>
	</Project>
</CodeBlocks_project_file>
